// !$*UTF8*$!
{
	archiveVersion = 1;
	classes = {
	};
	objectVersion = 46;
	objects = {

/* Begin PBXBuildFile section */
		4592A6C51AEDEF7800FAC99F /* main.m in Sources */ = {isa = PBXBuildFile; fileRef = 4592A6C41AEDEF7800FAC99F /* main.m */; };
		4592A6C81AEDEF7800FAC99F /* AppDelegate.m in Sources */ = {isa = PBXBuildFile; fileRef = 4592A6C71AEDEF7800FAC99F /* AppDelegate.m */; };
		4592A6CB1AEDEF7800FAC99F /* ViewController.m in Sources */ = {isa = PBXBuildFile; fileRef = 4592A6CA1AEDEF7800FAC99F /* ViewController.m */; };
		4592A6CE1AEDEF7800FAC99F /* Main.storyboard in Resources */ = {isa = PBXBuildFile; fileRef = 4592A6CC1AEDEF7800FAC99F /* Main.storyboard */; };
		4592A6D01AEDEF7800FAC99F /* Images.xcassets in Resources */ = {isa = PBXBuildFile; fileRef = 4592A6CF1AEDEF7800FAC99F /* Images.xcassets */; };
		4592A6D31AEDEF7800FAC99F /* LaunchScreen.xib in Resources */ = {isa = PBXBuildFile; fileRef = 4592A6D11AEDEF7800FAC99F /* LaunchScreen.xib */; };
		4592A6DF1AEDEF7800FAC99F /* MainTests.m in Sources */ = {isa = PBXBuildFile; fileRef = 4592A6DE1AEDEF7800FAC99F /* MainTests.m */; };
/* End PBXBuildFile section */

/* Begin PBXContainerItemProxy section */
		4592A6D91AEDEF7800FAC99F /* PBXContainerItemProxy */ = {
			isa = PBXContainerItemProxy;
			containerPortal = 4592A6B71AEDEF7800FAC99F /* Project object */;
			proxyType = 1;
			remoteGlobalIDString = 4592A6BE1AEDEF7800FAC99F;
			remoteInfo = Main;
		};
/* End PBXContainerItemProxy section */

/* Begin PBXFileReference section */
		4592A6BF1AEDEF7800FAC99F /* Main.app */ = {isa = PBXFileReference; explicitFileType = wrapper.application; includeInIndex = 0; path = Main.app; sourceTree = BUILT_PRODUCTS_DIR; };
		4592A6C31AEDEF7800FAC99F /* Info.plist */ = {isa = PBXFileReference; lastKnownFileType = text.plist.xml; path = Info.plist; sourceTree = "<group>"; };
		4592A6C41AEDEF7800FAC99F /* main.m */ = {isa = PBXFileReference; lastKnownFileType = sourcecode.c.objc; path = main.m; sourceTree = "<group>"; };
		4592A6C61AEDEF7800FAC99F /* AppDelegate.h */ = {isa = PBXFileReference; lastKnownFileType = sourcecode.c.h; path = AppDelegate.h; sourceTree = "<group>"; };
		4592A6C71AEDEF7800FAC99F /* AppDelegate.m */ = {isa = PBXFileReference; lastKnownFileType = sourcecode.c.objc; path = AppDelegate.m; sourceTree = "<group>"; };
		4592A6C91AEDEF7800FAC99F /* ViewController.h */ = {isa = PBXFileReference; lastKnownFileType = sourcecode.c.h; path = ViewController.h; sourceTree = "<group>"; };
		4592A6CA1AEDEF7800FAC99F /* ViewController.m */ = {isa = PBXFileReference; lastKnownFileType = sourcecode.c.objc; path = ViewController.m; sourceTree = "<group>"; };
		4592A6CD1AEDEF7800FAC99F /* Base */ = {isa = PBXFileReference; lastKnownFileType = file.storyboard; name = Base; path = Base.lproj/Main.storyboard; sourceTree = "<group>"; };
		4592A6CF1AEDEF7800FAC99F /* Images.xcassets */ = {isa = PBXFileReference; lastKnownFileType = folder.assetcatalog; path = Images.xcassets; sourceTree = "<group>"; };
		4592A6D21AEDEF7800FAC99F /* Base */ = {isa = PBXFileReference; lastKnownFileType = file.xib; name = Base; path = Base.lproj/LaunchScreen.xib; sourceTree = "<group>"; };
		4592A6D81AEDEF7800FAC99F /* MainTests.xctest */ = {isa = PBXFileReference; explicitFileType = wrapper.cfbundle; includeInIndex = 0; path = MainTests.xctest; sourceTree = BUILT_PRODUCTS_DIR; };
		4592A6DD1AEDEF7800FAC99F /* Info.plist */ = {isa = PBXFileReference; lastKnownFileType = text.plist.xml; path = Info.plist; sourceTree = "<group>"; };
		4592A6DE1AEDEF7800FAC99F /* MainTests.m */ = {isa = PBXFileReference; lastKnownFileType = sourcecode.c.objc; path = MainTests.m; sourceTree = "<group>"; };
/* End PBXFileReference section */

/* Begin PBXFrameworksBuildPhase section */
		4592A6BC1AEDEF7800FAC99F /* Frameworks */ = {
			isa = PBXFrameworksBuildPhase;
			buildActionMask = 2147483647;
			files = (
			);
			runOnlyForDeploymentPostprocessing = 0;
		};
		4592A6D51AEDEF7800FAC99F /* Frameworks */ = {
			isa = PBXFrameworksBuildPhase;
			buildActionMask = 2147483647;
			files = (
			);
			runOnlyForDeploymentPostprocessing = 0;
		};
/* End PBXFrameworksBuildPhase section */

/* Begin PBXGroup section */
		4592A6B61AEDEF7800FAC99F = {
			isa = PBXGroup;
			children = (
				4592A6C11AEDEF7800FAC99F /* Main */,
				4592A6DB1AEDEF7800FAC99F /* MainTests */,
				4592A6C01AEDEF7800FAC99F /* Products */,
			);
			sourceTree = "<group>";
		};
		4592A6C01AEDEF7800FAC99F /* Products */ = {
			isa = PBXGroup;
			children = (
				4592A6BF1AEDEF7800FAC99F /* Main.app */,
				4592A6D81AEDEF7800FAC99F /* MainTests.xctest */,
			);
			name = Products;
			sourceTree = "<group>";
		};
		4592A6C11AEDEF7800FAC99F /* Main */ = {
			isa = PBXGroup;
			children = (
				4592A6C61AEDEF7800FAC99F /* AppDelegate.h */,
				4592A6C71AEDEF7800FAC99F /* AppDelegate.m */,
				4592A6C91AEDEF7800FAC99F /* ViewController.h */,
				4592A6CA1AEDEF7800FAC99F /* ViewController.m */,
				4592A6CC1AEDEF7800FAC99F /* Main.storyboard */,
				4592A6CF1AEDEF7800FAC99F /* Images.xcassets */,
				4592A6D11AEDEF7800FAC99F /* LaunchScreen.xib */,
				4592A6C21AEDEF7800FAC99F /* Supporting Files */,
			);
			path = Main;
			sourceTree = "<group>";
		};
		4592A6C21AEDEF7800FAC99F /* Supporting Files */ = {
			isa = PBXGroup;
			children = (
				4592A6C31AEDEF7800FAC99F /* Info.plist */,
				4592A6C41AEDEF7800FAC99F /* main.m */,
			);
			name = "Supporting Files";
			sourceTree = "<group>";
		};
		4592A6DB1AEDEF7800FAC99F /* MainTests */ = {
			isa = PBXGroup;
			children = (
				4592A6DE1AEDEF7800FAC99F /* MainTests.m */,
				4592A6DC1AEDEF7800FAC99F /* Supporting Files */,
			);
			path = MainTests;
			sourceTree = "<group>";
		};
		4592A6DC1AEDEF7800FAC99F /* Supporting Files */ = {
			isa = PBXGroup;
			children = (
				4592A6DD1AEDEF7800FAC99F /* Info.plist */,
			);
			name = "Supporting Files";
			sourceTree = "<group>";
		};
/* End PBXGroup section */

/* Begin PBXNativeTarget section */
		4592A6BE1AEDEF7800FAC99F /* Main */ = {
			isa = PBXNativeTarget;
			buildConfigurationList = 4592A6E21AEDEF7800FAC99F /* Build configuration list for PBXNativeTarget "Main" */;
			buildPhases = (
				4592A6BB1AEDEF7800FAC99F /* Sources */,
				4592A6BC1AEDEF7800FAC99F /* Frameworks */,
				4592A6BD1AEDEF7800FAC99F /* Resources */,
			);
			buildRules = (
			);
			dependencies = (
			);
			name = Main;
			productName = Main;
			productReference = 4592A6BF1AEDEF7800FAC99F /* Main.app */;
			productType = "com.apple.product-type.application";
		};
		4592A6D71AEDEF7800FAC99F /* MainTests */ = {
			isa = PBXNativeTarget;
			buildConfigurationList = 4592A6E51AEDEF7800FAC99F /* Build configuration list for PBXNativeTarget "MainTests" */;
			buildPhases = (
				4592A6D41AEDEF7800FAC99F /* Sources */,
				4592A6D51AEDEF7800FAC99F /* Frameworks */,
				4592A6D61AEDEF7800FAC99F /* Resources */,
			);
			buildRules = (
			);
			dependencies = (
				4592A6DA1AEDEF7800FAC99F /* PBXTargetDependency */,
			);
			name = MainTests;
			productName = MainTests;
			productReference = 4592A6D81AEDEF7800FAC99F /* MainTests.xctest */;
			productType = "com.apple.product-type.bundle.unit-test";
		};
/* End PBXNativeTarget section */

/* Begin PBXProject section */
		4592A6B71AEDEF7800FAC99F /* Project object */ = {
			isa = PBXProject;
			attributes = {
				LastUpgradeCheck = 0630;
				ORGANIZATIONNAME = "Eli Tsai";
				TargetAttributes = {
					4592A6BE1AEDEF7800FAC99F = {
						CreatedOnToolsVersion = 6.3.1;
					};
					4592A6D71AEDEF7800FAC99F = {
						CreatedOnToolsVersion = 6.3.1;
						TestTargetID = 4592A6BE1AEDEF7800FAC99F;
					};
				};
			};
			buildConfigurationList = 4592A6BA1AEDEF7800FAC99F /* Build configuration list for PBXProject "Main" */;
			compatibilityVersion = "Xcode 3.2";
			developmentRegion = English;
			hasScannedForEncodings = 0;
			knownRegions = (
				en,
				Base,
			);
			mainGroup = 4592A6B61AEDEF7800FAC99F;
			productRefGroup = 4592A6C01AEDEF7800FAC99F /* Products */;
			projectDirPath = "";
			projectRoot = "";
			targets = (
				4592A6BE1AEDEF7800FAC99F /* Main */,
				4592A6D71AEDEF7800FAC99F /* MainTests */,
			);
		};
/* End PBXProject section */

/* Begin PBXResourcesBuildPhase section */
		4592A6BD1AEDEF7800FAC99F /* Resources */ = {
			isa = PBXResourcesBuildPhase;
			buildActionMask = 2147483647;
			files = (
				4592A6CE1AEDEF7800FAC99F /* Main.storyboard in Resources */,
				4592A6D31AEDEF7800FAC99F /* LaunchScreen.xib in Resources */,
				4592A6D01AEDEF7800FAC99F /* Images.xcassets in Resources */,
			);
			runOnlyForDeploymentPostprocessing = 0;
		};
		4592A6D61AEDEF7800FAC99F /* Resources */ = {
			isa = PBXResourcesBuildPhase;
			buildActionMask = 2147483647;
			files = (
			);
			runOnlyForDeploymentPostprocessing = 0;
		};
/* End PBXResourcesBuildPhase section */

/* Begin PBXSourcesBuildPhase section */
		4592A6BB1AEDEF7800FAC99F /* Sources */ = {
			isa = PBXSourcesBuildPhase;
			buildActionMask = 2147483647;
			files = (
				4592A6CB1AEDEF7800FAC99F /* ViewController.m in Sources */,
				4592A6C81AEDEF7800FAC99F /* AppDelegate.m in Sources */,
				4592A6C51AEDEF7800FAC99F /* main.m in Sources */,
			);
			runOnlyForDeploymentPostprocessing = 0;
		};
		4592A6D41AEDEF7800FAC99F /* Sources */ = {
			isa = PBXSourcesBuildPhase;
			buildActionMask = 2147483647;
			files = (
				4592A6DF1AEDEF7800FAC99F /* MainTests.m in Sources */,
			);
			runOnlyForDeploymentPostprocessing = 0;
		};
/* End PBXSourcesBuildPhase section */

/* Begin PBXTargetDependency section */
		4592A6DA1AEDEF7800FAC99F /* PBXTargetDependency */ = {
			isa = PBXTargetDependency;
			target = 4592A6BE1AEDEF7800FAC99F /* Main */;
			targetProxy = 4592A6D91AEDEF7800FAC99F /* PBXContainerItemProxy */;
		};
/* End PBXTargetDependency section */

/* Begin PBXVariantGroup section */
		4592A6CC1AEDEF7800FAC99F /* Main.storyboard */ = {
			isa = PBXVariantGroup;
			children = (
				4592A6CD1AEDEF7800FAC99F /* Base */,
			);
			name = Main.storyboard;
			sourceTree = "<group>";
		};
		4592A6D11AEDEF7800FAC99F /* LaunchScreen.xib */ = {
			isa = PBXVariantGroup;
			children = (
				4592A6D21AEDEF7800FAC99F /* Base */,
			);
			name = LaunchScreen.xib;
			sourceTree = "<group>";
		};
/* End PBXVariantGroup section */

/* Begin XCBuildConfiguration section */
		4592A6E01AEDEF7800FAC99F /* Debug */ = {
			isa = XCBuildConfiguration;
			buildSettings = {
				ALWAYS_SEARCH_USER_PATHS = NO;
				CLANG_CXX_LANGUAGE_STANDARD = "gnu++0x";
				CLANG_CXX_LIBRARY = "libc++";
				CLANG_ENABLE_MODULES = YES;
				CLANG_ENABLE_OBJC_ARC = YES;
				CLANG_WARN_BOOL_CONVERSION = YES;
				CLANG_WARN_CONSTANT_CONVERSION = YES;
				CLANG_WARN_DIRECT_OBJC_ISA_USAGE = YES_ERROR;
				CLANG_WARN_EMPTY_BODY = YES;
				CLANG_WARN_ENUM_CONVERSION = YES;
				CLANG_WARN_INT_CONVERSION = YES;
				CLANG_WARN_OBJC_ROOT_CLASS = YES_ERROR;
				CLANG_WARN_UNREACHABLE_CODE = YES;
				CLANG_WARN__DUPLICATE_METHOD_MATCH = YES;
				"CODE_SIGN_IDENTITY[sdk=iphoneos*]" = "iPhone Developer";
				COPY_PHASE_STRIP = NO;
				DEBUG_INFORMATION_FORMAT = "dwarf-with-dsym";
				ENABLE_STRICT_OBJC_MSGSEND = YES;
				GCC_C_LANGUAGE_STANDARD = gnu99;
				GCC_DYNAMIC_NO_PIC = NO;
				GCC_NO_COMMON_BLOCKS = YES;
				GCC_OPTIMIZATION_LEVEL = 0;
				GCC_PREPROCESSOR_DEFINITIONS = (
					"DEBUG=1",
					"$(inherited)",
				);
				GCC_SYMBOLS_PRIVATE_EXTERN = NO;
				GCC_WARN_64_TO_32_BIT_CONVERSION = YES;
				GCC_WARN_ABOUT_RETURN_TYPE = YES_ERROR;
				GCC_WARN_UNDECLARED_SELECTOR = YES;
				GCC_WARN_UNINITIALIZED_AUTOS = YES_AGGRESSIVE;
				GCC_WARN_UNUSED_FUNCTION = YES;
				GCC_WARN_UNUSED_VARIABLE = YES;
				IPHONEOS_DEPLOYMENT_TARGET = 8.3;
				MTL_ENABLE_DEBUG_INFO = YES;
				ONLY_ACTIVE_ARCH = YES;
				SDKROOT = iphoneos;
			};
			name = Debug;
		};
		4592A6E11AEDEF7800FAC99F /* Release */ = {
			isa = XCBuildConfiguration;
			buildSettings = {
				ALWAYS_SEARCH_USER_PATHS = NO;
				CLANG_CXX_LANGUAGE_STANDARD = "gnu++0x";
				CLANG_CXX_LIBRARY = "libc++";
				CLANG_ENABLE_MODULES = YES;
				CLANG_ENABLE_OBJC_ARC = YES;
				CLANG_WARN_BOOL_CONVERSION = YES;
				CLANG_WARN_CONSTANT_CONVERSION = YES;
				CLANG_WARN_DIRECT_OBJC_ISA_USAGE = YES_ERROR;
				CLANG_WARN_EMPTY_BODY = YES;
				CLANG_WARN_ENUM_CONVERSION = YES;
				CLANG_WARN_INT_CONVERSION = YES;
				CLANG_WARN_OBJC_ROOT_CLASS = YES_ERROR;
				CLANG_WARN_UNREACHABLE_CODE = YES;
				CLANG_WARN__DUPLICATE_METHOD_MATCH = YES;
				"CODE_SIGN_IDENTITY[sdk=iphoneos*]" = "iPhone Developer";
				COPY_PHASE_STRIP = NO;
				DEBUG_INFORMATION_FORMAT = "dwarf-with-dsym";
				ENABLE_NS_ASSERTIONS = NO;
				ENABLE_STRICT_OBJC_MSGSEND = YES;
				GCC_C_LANGUAGE_STANDARD = gnu99;
				GCC_NO_COMMON_BLOCKS = YES;
				GCC_WARN_64_TO_32_BIT_CONVERSION = YES;
				GCC_WARN_ABOUT_RETURN_TYPE = YES_ERROR;
				GCC_WARN_UNDECLARED_SELECTOR = YES;
				GCC_WARN_UNINITIALIZED_AUTOS = YES_AGGRESSIVE;
				GCC_WARN_UNUSED_FUNCTION = YES;
				GCC_WARN_UNUSED_VARIABLE = YES;
				IPHONEOS_DEPLOYMENT_TARGET = 8.3;
				MTL_ENABLE_DEBUG_INFO = NO;
				SDKROOT = iphoneos;
				VALIDATE_PRODUCT = YES;
			};
			name = Release;
		};
		4592A6E31AEDEF7800FAC99F /* Debug */ = {
			isa = XCBuildConfiguration;
			buildSettings = {
				ASSETCATALOG_COMPILER_APPICON_NAME = AppIcon;
				INFOPLIST_FILE = Main/Info.plist;
				LD_RUNPATH_SEARCH_PATHS = "$(inherited) @executable_path/Frameworks";
				PRODUCT_NAME = "$(TARGET_NAME)";
			};
			name = Debug;
		};
		4592A6E41AEDEF7800FAC99F /* Release */ = {
			isa = XCBuildConfiguration;
			buildSettings = {
				ASSETCATALOG_COMPILER_APPICON_NAME = AppIcon;
				INFOPLIST_FILE = Main/Info.plist;
				LD_RUNPATH_SEARCH_PATHS = "$(inherited) @executable_path/Frameworks";
				PRODUCT_NAME = "$(TARGET_NAME)";
			};
			name = Release;
		};
		4592A6E61AEDEF7800FAC99F /* Debug */ = {
			isa = XCBuildConfiguration;
			buildSettings = {
				BUNDLE_LOADER = "$(TEST_HOST)";
				FRAMEWORK_SEARCH_PATHS = (
					"$(SDKROOT)/Developer/Library/Frameworks",
					"$(inherited)",
				);
				GCC_PREPROCESSOR_DEFINITIONS = (
					"DEBUG=1",
					"$(inherited)",
				);
				INFOPLIST_FILE = MainTests/Info.plist;
				LD_RUNPATH_SEARCH_PATHS = "$(inherited) @executable_path/Frameworks @loader_path/Frameworks";
				PRODUCT_NAME = "$(TARGET_NAME)";
				TEST_HOST = "$(BUILT_PRODUCTS_DIR)/Main.app/Main";
			};
			name = Debug;
		};
		4592A6E71AEDEF7800FAC99F /* Release */ = {
			isa = XCBuildConfiguration;
			buildSettings = {
				BUNDLE_LOADER = "$(TEST_HOST)";
				FRAMEWORK_SEARCH_PATHS = (
					"$(SDKROOT)/Developer/Library/Frameworks",
					"$(inherited)",
				);
				INFOPLIST_FILE = MainTests/Info.plist;
				LD_RUNPATH_SEARCH_PATHS = "$(inherited) @executable_path/Frameworks @loader_path/Frameworks";
				PRODUCT_NAME = "$(TARGET_NAME)";
				TEST_HOST = "$(BUILT_PRODUCTS_DIR)/Main.app/Main";
			};
			name = Release;
		};
/* End XCBuildConfiguration section */

/* Begin XCConfigurationList section */
		4592A6BA1AEDEF7800FAC99F /* Build configuration list for PBXProject "Main" */ = {
			isa = XCConfigurationList;
			buildConfigurations = (
				4592A6E01AEDEF7800FAC99F /* Debug */,
				4592A6E11AEDEF7800FAC99F /* Release */,
			);
			defaultConfigurationIsVisible = 0;
			defaultConfigurationName = Release;
		};
		4592A6E21AEDEF7800FAC99F /* Build configuration list for PBXNativeTarget "Main" */ = {
			isa = XCConfigurationList;
			buildConfigurations = (
				4592A6E31AEDEF7800FAC99F /* Debug */,
				4592A6E41AEDEF7800FAC99F /* Release */,
			);
			defaultConfigurationIsVisible = 0;
		};
		4592A6E51AEDEF7800FAC99F /* Build configuration list for PBXNativeTarget "MainTests" */ = {
			isa = XCConfigurationList;
			buildConfigurations = (
				4592A6E61AEDEF7800FAC99F /* Debug */,
				4592A6E71AEDEF7800FAC99F /* Release */,
			);
			defaultConfigurationIsVisible = 0;
		};
/* End XCConfigurationList section */
	};
	rootObject = 4592A6B71AEDEF7800FAC99F /* Project object */;
}
